// !$*UTF8*$!
{
	archiveVersion = 1;
	classes = {
	};
	objectVersion = 46;
	objects = {

/* Begin PBXBuildFile section */
		6C455F9F1BD64D820067419F /* main.m in Sources */ = {isa = PBXBuildFile; fileRef = 6C455F9E1BD64D820067419F /* main.m */; };
		6C455FA21BD64D820067419F /* AppDelegate.m in Sources */ = {isa = PBXBuildFile; fileRef = 6C455FA11BD64D820067419F /* AppDelegate.m */; };
		6C455FA51BD64D820067419F /* ViewController.m in Sources */ = {isa = PBXBuildFile; fileRef = 6C455FA41BD64D820067419F /* ViewController.m */; };
		6C455FA81BD64D820067419F /* Main.storyboard in Resources */ = {isa = PBXBuildFile; fileRef = 6C455FA61BD64D820067419F /* Main.storyboard */; };
		6C455FAA1BD64D820067419F /* Assets.xcassets in Resources */ = {isa = PBXBuildFile; fileRef = 6C455FA91BD64D820067419F /* Assets.xcassets */; };
		6C455FAD1BD64D820067419F /* LaunchScreen.storyboard in Resources */ = {isa = PBXBuildFile; fileRef = 6C455FAB1BD64D820067419F /* LaunchScreen.storyboard */; };
/* End PBXBuildFile section */

/* Begin PBXFileReference section */
		6C455F9A1BD64D820067419F /* ZigZag.app */ = {isa = PBXFileReference; explicitFileType = wrapper.application; includeInIndex = 0; path = ZigZag.app; sourceTree = BUILT_PRODUCTS_DIR; };
		6C455F9E1BD64D820067419F /* main.m */ = {isa = PBXFileReference; lastKnownFileType = sourcecode.c.objc; path = main.m; sourceTree = "<group>"; };
		6C455FA01BD64D820067419F /* AppDelegate.h */ = {isa = PBXFileReference; lastKnownFileType = sourcecode.c.h; path = AppDelegate.h; sourceTree = "<group>"; };
		6C455FA11BD64D820067419F /* AppDelegate.m */ = {isa = PBXFileReference; lastKnownFileType = sourcecode.c.objc; path = AppDelegate.m; sourceTree = "<group>"; };
		6C455FA31BD64D820067419F /* ViewController.h */ = {isa = PBXFileReference; lastKnownFileType = sourcecode.c.h; path = ViewController.h; sourceTree = "<group>"; };
		6C455FA41BD64D820067419F /* ViewController.m */ = {isa = PBXFileReference; lastKnownFileType = sourcecode.c.objc; path = ViewController.m; sourceTree = "<group>"; };
		6C455FA71BD64D820067419F /* Base */ = {isa = PBXFileReference; lastKnownFileType = file.storyboard; name = Base; path = Base.lproj/Main.storyboard; sourceTree = "<group>"; };
		6C455FA91BD64D820067419F /* Assets.xcassets */ = {isa = PBXFileReference; lastKnownFileType = folder.assetcatalog; path = Assets.xcassets; sourceTree = "<group>"; };
		6C455FAC1BD64D820067419F /* Base */ = {isa = PBXFileReference; lastKnownFileType = file.storyboard; name = Base; path = Base.lproj/LaunchScreen.storyboard; sourceTree = "<group>"; };
		6C455FAE1BD64D820067419F /* Info.plist */ = {isa = PBXFileReference; lastKnownFileType = text.plist.xml; path = Info.plist; sourceTree = "<group>"; };
/* End PBXFileReference section */

/* Begin PBXFrameworksBuildPhase section */
		6C455F971BD64D820067419F /* Frameworks */ = {
			isa = PBXFrameworksBuildPhase;
			buildActionMask = 2147483647;
			files = (
			);
			runOnlyForDeploymentPostprocessing = 0;
		};
/* End PBXFrameworksBuildPhase section */

/* Begin PBXGroup section */
		6C455F911BD64D820067419F = {
			isa = PBXGroup;
			children = (
				6C455F9C1BD64D820067419F /* ZigZag */,
				6C455F9B1BD64D820067419F /* Products */,
			);
			sourceTree = "<group>";
		};
		6C455F9B1BD64D820067419F /* Products */ = {
			isa = PBXGroup;
			children = (
				6C455F9A1BD64D820067419F /* ZigZag.app */,
			);
			name = Products;
			sourceTree = "<group>";
		};
		6C455F9C1BD64D820067419F /* ZigZag */ = {
			isa = PBXGroup;
			children = (
				6C455FA01BD64D820067419F /* AppDelegate.h */,
				6C455FA11BD64D820067419F /* AppDelegate.m */,
				6C455FA31BD64D820067419F /* ViewController.h */,
				6C455FA41BD64D820067419F /* ViewController.m */,
				6C455FA61BD64D820067419F /* Main.storyboard */,
				6C455FA91BD64D820067419F /* Assets.xcassets */,
				6C455FAB1BD64D820067419F /* LaunchScreen.storyboard */,
				6C455FAE1BD64D820067419F /* Info.plist */,
				6C455F9D1BD64D820067419F /* Supporting Files */,
			);
			path = ZigZag;
			sourceTree = "<group>";
		};
		6C455F9D1BD64D820067419F /* Supporting Files */ = {
			isa = PBXGroup;
			children = (
				6C455F9E1BD64D820067419F /* main.m */,
			);
			name = "Supporting Files";
			sourceTree = "<group>";
		};
/* End PBXGroup section */

/* Begin PBXNativeTarget section */
		6C455F991BD64D820067419F /* ZigZag */ = {
			isa = PBXNativeTarget;
			buildConfigurationList = 6C455FB11BD64D820067419F /* Build configuration list for PBXNativeTarget "ZigZag" */;
			buildPhases = (
				6C455F961BD64D820067419F /* Sources */,
				6C455F971BD64D820067419F /* Frameworks */,
				6C455F981BD64D820067419F /* Resources */,
			);
			buildRules = (
			);
			dependencies = (
			);
			name = ZigZag;
			productName = ZigZag;
			productReference = 6C455F9A1BD64D820067419F /* ZigZag.app */;
			productType = "com.apple.product-type.application";
		};
/* End PBXNativeTarget section */

/* Begin PBXProject section */
		6C455F921BD64D820067419F /* Project object */ = {
			isa = PBXProject;
			attributes = {
				LastUpgradeCheck = 0700;
				ORGANIZATIONNAME = "Duc Nguyen";
				TargetAttributes = {
					6C455F991BD64D820067419F = {
						CreatedOnToolsVersion = 7.0;
					};
				};
			};
			buildConfigurationList = 6C455F951BD64D820067419F /* Build configuration list for PBXProject "ZigZag" */;
			compatibilityVersion = "Xcode 3.2";
			developmentRegion = English;
			hasScannedForEncodings = 0;
			knownRegions = (
				en,
				Base,
			);
			mainGroup = 6C455F911BD64D820067419F;
			productRefGroup = 6C455F9B1BD64D820067419F /* Products */;
			projectDirPath = "";
			projectRoot = "";
			targets = (
				6C455F991BD64D820067419F /* ZigZag */,
			);
		};
/* End PBXProject section */

/* Begin PBXResourcesBuildPhase section */
		6C455F981BD64D820067419F /* Resources */ = {
			isa = PBXResourcesBuildPhase;
			buildActionMask = 2147483647;
			files = (
				6C455FAD1BD64D820067419F /* LaunchScreen.storyboard in Resources */,
				6C455FAA1BD64D820067419F /* Assets.xcassets in Resources */,
				6C455FA81BD64D820067419F /* Main.storyboard in Resources */,
			);
			runOnlyForDeploymentPostprocessing = 0;
		};
/* End PBXResourcesBuildPhase section */

/* Begin PBXSourcesBuildPhase section */
		6C455F961BD64D820067419F /* Sources */ = {
			isa = PBXSourcesBuildPhase;
			buildActionMask = 2147483647;
			files = (
				6C455FA51BD64D820067419F /* ViewController.m in Sources */,
				6C455FA21BD64D820067419F /* AppDelegate.m in Sources */,
				6C455F9F1BD64D820067419F /* main.m in Sources */,
			);
			runOnlyForDeploymentPostprocessing = 0;
		};
/* End PBXSourcesBuildPhase section */

/* Begin PBXVariantGroup section */
		6C455FA61BD64D820067419F /* Main.storyboard */ = {
			isa = PBXVariantGroup;
			children = (
				6C455FA71BD64D820067419F /* Base */,
			);
			name = Main.storyboard;
			sourceTree = "<group>";
		};
		6C455FAB1BD64D820067419F /* LaunchScreen.storyboard */ = {
			isa = PBXVariantGroup;
			children = (
				6C455FAC1BD64D820067419F /* Base */,
			);
			name = LaunchScreen.storyboard;
			sourceTree = "<group>";
		};
/* End PBXVariantGroup section */

/* Begin XCBuildConfiguration section */
		6C455FAF1BD64D820067419F /* Debug */ = {
			isa = XCBuildConfiguration;
			buildSettings = {
				ALWAYS_SEARCH_USER_PATHS = NO;
				CLANG_CXX_LANGUAGE_STANDARD = "gnu++0x";
				CLANG_CXX_LIBRARY = "libc++";
				CLANG_ENABLE_MODULES = YES;
				CLANG_ENABLE_OBJC_ARC = YES;
				CLANG_WARN_BOOL_CONVERSION = YES;
				CLANG_WARN_CONSTANT_CONVERSION = YES;
				CLANG_WARN_DIRECT_OBJC_ISA_USAGE = YES_ERROR;
				CLANG_WARN_EMPTY_BODY = YES;
				CLANG_WARN_ENUM_CONVERSION = YES;
				CLANG_WARN_INT_CONVERSION = YES;
				CLANG_WARN_OBJC_ROOT_CLASS = YES_ERROR;
				CLANG_WARN_UNREACHABLE_CODE = YES;
				CLANG_WARN__DUPLICATE_METHOD_MATCH = YES;
				"CODE_SIGN_IDENTITY[sdk=iphoneos*]" = "iPhone Developer";
				COPY_PHASE_STRIP = NO;
				DEBUG_INFORMATION_FORMAT = dwarf;
				ENABLE_STRICT_OBJC_MSGSEND = YES;
				ENABLE_TESTABILITY = YES;
				GCC_C_LANGUAGE_STANDARD = gnu99;
				GCC_DYNAMIC_NO_PIC = NO;
				GCC_NO_COMMON_BLOCKS = YES;
				GCC_OPTIMIZATION_LEVEL = 0;
				GCC_PREPROCESSOR_DEFINITIONS = (
					"DEBUG=1",
					"$(inherited)",
				);
				GCC_WARN_64_TO_32_BIT_CONVERSION = YES;
				GCC_WARN_ABOUT_RETURN_TYPE = YES_ERROR;
				GCC_WARN_UNDECLARED_SELECTOR = YES;
				GCC_WARN_UNINITIALIZED_AUTOS = YES_AGGRESSIVE;
				GCC_WARN_UNUSED_FUNCTION = YES;
				GCC_WARN_UNUSED_VARIABLE = YES;
				IPHONEOS_DEPLOYMENT_TARGET = 9.0;
				MTL_ENABLE_DEBUG_INFO = YES;
				ONLY_ACTIVE_ARCH = YES;
				SDKROOT = iphoneos;
			};
			name = Debug;
		};
		6C455FB01BD64D820067419F /* Release */ = {
			isa = XCBuildConfiguration;
			buildSettings = {
				ALWAYS_SEARCH_USER_PATHS = NO;
				CLANG_CXX_LANGUAGE_STANDARD = "gnu++0x";
				CLANG_CXX_LIBRARY = "libc++";
				CLANG_ENABLE_MODULES = YES;
				CLANG_ENABLE_OBJC_ARC = YES;
				CLANG_WARN_BOOL_CONVERSION = YES;
				CLANG_WARN_CONSTANT_CONVERSION = YES;
				CLANG_WARN_DIRECT_OBJC_ISA_USAGE = YES_ERROR;
				CLANG_WARN_EMPTY_BODY = YES;
				CLANG_WARN_ENUM_CONVERSION = YES;
				CLANG_WARN_INT_CONVERSION = YES;
				CLANG_WARN_OBJC_ROOT_CLASS = YES_ERROR;
				CLANG_WARN_UNREACHABLE_CODE = YES;
				CLANG_WARN__DUPLICATE_METHOD_MATCH = YES;
				"CODE_SIGN_IDENTITY[sdk=iphoneos*]" = "iPhone Developer";
				COPY_PHASE_STRIP = NO;
				DEBUG_INFORMATION_FORMAT = "dwarf-with-dsym";
				ENABLE_NS_ASSERTIONS = NO;
				ENABLE_STRICT_OBJC_MSGSEND = YES;
				GCC_C_LANGUAGE_STANDARD = gnu99;
				GCC_NO_COMMON_BLOCKS = YES;
				GCC_WARN_64_TO_32_BIT_CONVERSION = YES;
				GCC_WARN_ABOUT_RETURN_TYPE = YES_ERROR;
				GCC_WARN_UNDECLARED_SELECTOR = YES;
				GCC_WARN_UNINITIALIZED_AUTOS = YES_AGGRESSIVE;
				GCC_WARN_UNUSED_FUNCTION = YES;
				GCC_WARN_UNUSED_VARIABLE = YES;
				IPHONEOS_DEPLOYMENT_TARGET = 9.0;
				MTL_ENABLE_DEBUG_INFO = NO;
				SDKROOT = iphoneos;
				VALIDATE_PRODUCT = YES;
			};
			name = Release;
		};
		6C455FB21BD64D820067419F /* Debug */ = {
			isa = XCBuildConfiguration;
			buildSettings = {
				ASSETCATALOG_COMPILER_APPICON_NAME = AppIcon;
				INFOPLIST_FILE = ZigZag/Info.plist;
				LD_RUNPATH_SEARCH_PATHS = "$(inherited) @executable_path/Frameworks";
				PRODUCT_BUNDLE_IDENTIFIER = "Duc-Nguyen.ZigZag";
				PRODUCT_NAME = "$(TARGET_NAME)";
			};
			name = Debug;
		};
		6C455FB31BD64D820067419F /* Release */ = {
			isa = XCBuildConfiguration;
			buildSettings = {
				ASSETCATALOG_COMPILER_APPICON_NAME = AppIcon;
				INFOPLIST_FILE = ZigZag/Info.plist;
				LD_RUNPATH_SEARCH_PATHS = "$(inherited) @executable_path/Frameworks";
				PRODUCT_BUNDLE_IDENTIFIER = "Duc-Nguyen.ZigZag";
				PRODUCT_NAME = "$(TARGET_NAME)";
			};
			name = Release;
		};
/* End XCBuildConfiguration section */

/* Begin XCConfigurationList section */
		6C455F951BD64D820067419F /* Build configuration list for PBXProject "ZigZag" */ = {
			isa = XCConfigurationList;
			buildConfigurations = (
				6C455FAF1BD64D820067419F /* Debug */,
				6C455FB01BD64D820067419F /* Release */,
			);
			defaultConfigurationIsVisible = 0;
			defaultConfigurationName = Release;
		};
		6C455FB11BD64D820067419F /* Build configuration list for PBXNativeTarget "ZigZag" */ = {
			isa = XCConfigurationList;
			buildConfigurations = (
				6C455FB21BD64D820067419F /* Debug */,
				6C455FB31BD64D820067419F /* Release */,
			);
			defaultConfigurationIsVisible = 0;
		};
/* End XCConfigurationList section */
	};
	rootObject = 6C455F921BD64D820067419F /* Project object */;
}
